// !$*UTF8*$!
{
	archiveVersion = 1;
	classes = {
	};
	objectVersion = 50;
	objects = {

/* Begin PBXBuildFile section */
		59C386BD218E1435003F5919 /* AppDelegate.swift in Sources */ = {isa = PBXBuildFile; fileRef = 59C386BC218E1435003F5919 /* AppDelegate.swift */; };
		59C386BF218E1435003F5919 /* ViewController.swift in Sources */ = {isa = PBXBuildFile; fileRef = 59C386BE218E1435003F5919 /* ViewController.swift */; };
		59C386C2218E1435003F5919 /* Main.storyboard in Resources */ = {isa = PBXBuildFile; fileRef = 59C386C0218E1435003F5919 /* Main.storyboard */; };
		59C386C5218E1435003F5919 /* _7442_DM.xcdatamodeld in Sources */ = {isa = PBXBuildFile; fileRef = 59C386C3218E1435003F5919 /* _7442_DM.xcdatamodeld */; };
		59C386C7218E1439003F5919 /* Assets.xcassets in Resources */ = {isa = PBXBuildFile; fileRef = 59C386C6218E1439003F5919 /* Assets.xcassets */; };
		59C386CA218E1439003F5919 /* LaunchScreen.storyboard in Resources */ = {isa = PBXBuildFile; fileRef = 59C386C8218E1439003F5919 /* LaunchScreen.storyboard */; };
		65898910218F571A00D53E95 /* Response.swift in Sources */ = {isa = PBXBuildFile; fileRef = 6589890F218F571A00D53E95 /* Response.swift */; };
		65898912218F573100D53E95 /* Link.swift in Sources */ = {isa = PBXBuildFile; fileRef = 65898911218F573100D53E95 /* Link.swift */; };
		65898914218F574000D53E95 /* Event.swift in Sources */ = {isa = PBXBuildFile; fileRef = 65898913218F574000D53E95 /* Event.swift */; };
		65898916218F575000D53E95 /* ResponseData.swift in Sources */ = {isa = PBXBuildFile; fileRef = 65898915218F575000D53E95 /* ResponseData.swift */; };
		65898919218F579C00D53E95 /* SearchWikiArticlesClient.swift in Sources */ = {isa = PBXBuildFile; fileRef = 65898918218F579C00D53E95 /* SearchWikiArticlesClient.swift */; };
		65898952218F5C2000D53E95 /* Alamofire.framework in Frameworks */ = {isa = PBXBuildFile; fileRef = 65898945218F5BF200D53E95 /* Alamofire.framework */; };
		65898953218F5C2000D53E95 /* Alamofire.framework in Embed Frameworks */ = {isa = PBXBuildFile; fileRef = 65898945218F5BF200D53E95 /* Alamofire.framework */; settings = {ATTRIBUTES = (CodeSignOnCopy, RemoveHeadersOnCopy, ); }; };
/* End PBXBuildFile section */

/* Begin PBXContainerItemProxy section */
		65898944218F5BF200D53E95 /* PBXContainerItemProxy */ = {
			isa = PBXContainerItemProxy;
			containerPortal = 65898939218F5BF200D53E95 /* Alamofire.xcodeproj */;
			proxyType = 2;
			remoteGlobalIDString = F8111E3319A95C8B0040E7D1;
			remoteInfo = "Alamofire iOS";
		};
		65898946218F5BF200D53E95 /* PBXContainerItemProxy */ = {
			isa = PBXContainerItemProxy;
			containerPortal = 65898939218F5BF200D53E95 /* Alamofire.xcodeproj */;
			proxyType = 2;
			remoteGlobalIDString = F8111E3E19A95C8B0040E7D1;
			remoteInfo = "Alamofire iOS Tests";
		};
		65898948218F5BF200D53E95 /* PBXContainerItemProxy */ = {
			isa = PBXContainerItemProxy;
			containerPortal = 65898939218F5BF200D53E95 /* Alamofire.xcodeproj */;
			proxyType = 2;
			remoteGlobalIDString = 4DD67C0B1A5C55C900ED2280;
			remoteInfo = "Alamofire macOS";
		};
		6589894A218F5BF200D53E95 /* PBXContainerItemProxy */ = {
			isa = PBXContainerItemProxy;
			containerPortal = 65898939218F5BF200D53E95 /* Alamofire.xcodeproj */;
			proxyType = 2;
			remoteGlobalIDString = F829C6B21A7A94F100A2CD59;
			remoteInfo = "Alamofire macOS Tests";
		};
		6589894C218F5BF200D53E95 /* PBXContainerItemProxy */ = {
			isa = PBXContainerItemProxy;
			containerPortal = 65898939218F5BF200D53E95 /* Alamofire.xcodeproj */;
			proxyType = 2;
			remoteGlobalIDString = 4CF626EF1BA7CB3E0011A099;
			remoteInfo = "Alamofire tvOS";
		};
		6589894E218F5BF200D53E95 /* PBXContainerItemProxy */ = {
			isa = PBXContainerItemProxy;
			containerPortal = 65898939218F5BF200D53E95 /* Alamofire.xcodeproj */;
			proxyType = 2;
			remoteGlobalIDString = 4CF626F81BA7CB3E0011A099;
			remoteInfo = "Alamofire tvOS Tests";
		};
		65898950218F5BF200D53E95 /* PBXContainerItemProxy */ = {
			isa = PBXContainerItemProxy;
			containerPortal = 65898939218F5BF200D53E95 /* Alamofire.xcodeproj */;
			proxyType = 2;
			remoteGlobalIDString = E4202FE01B667AA100C997FB;
			remoteInfo = "Alamofire watchOS";
		};
		65898954218F5C2000D53E95 /* PBXContainerItemProxy */ = {
			isa = PBXContainerItemProxy;
			containerPortal = 65898939218F5BF200D53E95 /* Alamofire.xcodeproj */;
			proxyType = 1;
			remoteGlobalIDString = F8111E3219A95C8B0040E7D1;
			remoteInfo = "Alamofire iOS";
		};
/* End PBXContainerItemProxy section */

/* Begin PBXCopyFilesBuildPhase section */
		65898937218F59DA00D53E95 /* Embed Frameworks */ = {
			isa = PBXCopyFilesBuildPhase;
			buildActionMask = 2147483647;
			dstPath = "";
			dstSubfolderSpec = 10;
			files = (
				65898953218F5C2000D53E95 /* Alamofire.framework in Embed Frameworks */,
			);
			name = "Embed Frameworks";
			runOnlyForDeploymentPostprocessing = 0;
		};
/* End PBXCopyFilesBuildPhase section */

/* Begin PBXFileReference section */
		59C386B9218E1435003F5919 /* 67442_DM.app */ = {isa = PBXFileReference; explicitFileType = wrapper.application; includeInIndex = 0; path = 67442_DM.app; sourceTree = BUILT_PRODUCTS_DIR; };
		59C386BC218E1435003F5919 /* AppDelegate.swift */ = {isa = PBXFileReference; lastKnownFileType = sourcecode.swift; path = AppDelegate.swift; sourceTree = "<group>"; };
		59C386BE218E1435003F5919 /* ViewController.swift */ = {isa = PBXFileReference; lastKnownFileType = sourcecode.swift; path = ViewController.swift; sourceTree = "<group>"; };
		59C386C1218E1435003F5919 /* Base */ = {isa = PBXFileReference; lastKnownFileType = file.storyboard; name = Base; path = Base.lproj/Main.storyboard; sourceTree = "<group>"; };
		59C386C4218E1435003F5919 /* _7442_DM.xcdatamodel */ = {isa = PBXFileReference; lastKnownFileType = wrapper.xcdatamodel; path = _7442_DM.xcdatamodel; sourceTree = "<group>"; };
		59C386C6218E1439003F5919 /* Assets.xcassets */ = {isa = PBXFileReference; lastKnownFileType = folder.assetcatalog; path = Assets.xcassets; sourceTree = "<group>"; };
		59C386C9218E1439003F5919 /* Base */ = {isa = PBXFileReference; lastKnownFileType = file.storyboard; name = Base; path = Base.lproj/LaunchScreen.storyboard; sourceTree = "<group>"; };
		59C386CB218E1439003F5919 /* Info.plist */ = {isa = PBXFileReference; lastKnownFileType = text.plist.xml; path = Info.plist; sourceTree = "<group>"; };
		6589890F218F571A00D53E95 /* Response.swift */ = {isa = PBXFileReference; lastKnownFileType = sourcecode.swift; path = Response.swift; sourceTree = "<group>"; };
		65898911218F573100D53E95 /* Link.swift */ = {isa = PBXFileReference; lastKnownFileType = sourcecode.swift; path = Link.swift; sourceTree = "<group>"; };
		65898913218F574000D53E95 /* Event.swift */ = {isa = PBXFileReference; lastKnownFileType = sourcecode.swift; path = Event.swift; sourceTree = "<group>"; };
		65898915218F575000D53E95 /* ResponseData.swift */ = {isa = PBXFileReference; lastKnownFileType = sourcecode.swift; path = ResponseData.swift; sourceTree = "<group>"; };
		65898918218F579C00D53E95 /* SearchWikiArticlesClient.swift */ = {isa = PBXFileReference; lastKnownFileType = sourcecode.swift; path = SearchWikiArticlesClient.swift; sourceTree = "<group>"; };
		65898939218F5BF200D53E95 /* Alamofire.xcodeproj */ = {isa = PBXFileReference; lastKnownFileType = "wrapper.pb-project"; name = Alamofire.xcodeproj; path = "../../../../Downloads/Alamofire-master 2/Alamofire.xcodeproj"; sourceTree = "<group>"; };
/* End PBXFileReference section */

/* Begin PBXFrameworksBuildPhase section */
		59C386B6218E1435003F5919 /* Frameworks */ = {
			isa = PBXFrameworksBuildPhase;
			buildActionMask = 2147483647;
			files = (
				65898952218F5C2000D53E95 /* Alamofire.framework in Frameworks */,
			);
			runOnlyForDeploymentPostprocessing = 0;
		};
/* End PBXFrameworksBuildPhase section */

/* Begin PBXGroup section */
		59C386B0218E1435003F5919 = {
			isa = PBXGroup;
			children = (
				59C386BB218E1435003F5919 /* 67442_DM */,
				59C386BA218E1435003F5919 /* Products */,
				65898939218F5BF200D53E95 /* Alamofire.xcodeproj */,
			);
			sourceTree = "<group>";
		};
		59C386BA218E1435003F5919 /* Products */ = {
			isa = PBXGroup;
			children = (
				59C386B9218E1435003F5919 /* 67442_DM.app */,
			);
			name = Products;
			sourceTree = "<group>";
		};
		59C386BB218E1435003F5919 /* 67442_DM */ = {
			isa = PBXGroup;
			children = (
				59C386BC218E1435003F5919 /* AppDelegate.swift */,
				59C386BE218E1435003F5919 /* ViewController.swift */,
				65898917218F576700D53E95 /* Network */,
				6589890E218F56FC00D53E95 /* Models */,
				59C386C0218E1435003F5919 /* Main.storyboard */,
				59C386C6218E1439003F5919 /* Assets.xcassets */,
				59C386C8218E1439003F5919 /* LaunchScreen.storyboard */,
				59C386CB218E1439003F5919 /* Info.plist */,
				59C386C3218E1435003F5919 /* _7442_DM.xcdatamodeld */,
			);
			path = 67442_DM;
			sourceTree = "<group>";
		};
		6589890E218F56FC00D53E95 /* Models */ = {
			isa = PBXGroup;
			children = (
				6589890F218F571A00D53E95 /* Response.swift */,
				65898913218F574000D53E95 /* Event.swift */,
				65898915218F575000D53E95 /* ResponseData.swift */,
				65898911218F573100D53E95 /* Link.swift */,
			);
			path = Models;
			sourceTree = "<group>";
		};
		65898917218F576700D53E95 /* Network */ = {
			isa = PBXGroup;
			children = (
				65898918218F579C00D53E95 /* SearchWikiArticlesClient.swift */,
			);
			path = Network;
			sourceTree = "<group>";
		};
		6589893A218F5BF200D53E95 /* Products */ = {
			isa = PBXGroup;
			children = (
				65898945218F5BF200D53E95 /* Alamofire.framework */,
				65898947218F5BF200D53E95 /* Alamofire iOS Tests.xctest */,
				65898949218F5BF200D53E95 /* Alamofire.framework */,
				6589894B218F5BF200D53E95 /* Alamofire macOS Tests.xctest */,
				6589894D218F5BF200D53E95 /* Alamofire.framework */,
				6589894F218F5BF200D53E95 /* Alamofire tvOS Tests.xctest */,
				65898951218F5BF200D53E95 /* Alamofire.framework */,
			);
			name = Products;
			sourceTree = "<group>";
		};
/* End PBXGroup section */

/* Begin PBXNativeTarget section */
		59C386B8218E1435003F5919 /* 67442_DM */ = {
			isa = PBXNativeTarget;
			buildConfigurationList = 59C386CE218E1439003F5919 /* Build configuration list for PBXNativeTarget "67442_DM" */;
			buildPhases = (
				59C386B5218E1435003F5919 /* Sources */,
				59C386B6218E1435003F5919 /* Frameworks */,
				59C386B7218E1435003F5919 /* Resources */,
				65898937218F59DA00D53E95 /* Embed Frameworks */,
			);
			buildRules = (
			);
			dependencies = (
				65898955218F5C2000D53E95 /* PBXTargetDependency */,
			);
			name = 67442_DM;
			productName = 67442_DM;
			productReference = 59C386B9218E1435003F5919 /* 67442_DM.app */;
			productType = "com.apple.product-type.application";
		};
/* End PBXNativeTarget section */

/* Begin PBXProject section */
		59C386B1218E1435003F5919 /* Project object */ = {
			isa = PBXProject;
			attributes = {
				LastSwiftUpdateCheck = 1000;
				LastUpgradeCheck = 1000;
				ORGANIZATIONNAME = "Dylan Hyun";
				TargetAttributes = {
					59C386B8218E1435003F5919 = {
						CreatedOnToolsVersion = 10.0;
					};
				};
			};
			buildConfigurationList = 59C386B4218E1435003F5919 /* Build configuration list for PBXProject "67442_DM" */;
			compatibilityVersion = "Xcode 9.3";
			developmentRegion = en;
			hasScannedForEncodings = 0;
			knownRegions = (
				en,
				Base,
			);
			mainGroup = 59C386B0218E1435003F5919;
			productRefGroup = 59C386BA218E1435003F5919 /* Products */;
			projectDirPath = "";
			projectReferences = (
				{
					ProductGroup = 6589893A218F5BF200D53E95 /* Products */;
					ProjectRef = 65898939218F5BF200D53E95 /* Alamofire.xcodeproj */;
				},
			);
			projectRoot = "";
			targets = (
				59C386B8218E1435003F5919 /* 67442_DM */,
			);
		};
/* End PBXProject section */

/* Begin PBXReferenceProxy section */
		65898945218F5BF200D53E95 /* Alamofire.framework */ = {
			isa = PBXReferenceProxy;
			fileType = wrapper.framework;
			path = Alamofire.framework;
			remoteRef = 65898944218F5BF200D53E95 /* PBXContainerItemProxy */;
			sourceTree = BUILT_PRODUCTS_DIR;
		};
		65898947218F5BF200D53E95 /* Alamofire iOS Tests.xctest */ = {
			isa = PBXReferenceProxy;
			fileType = wrapper.cfbundle;
			path = "Alamofire iOS Tests.xctest";
			remoteRef = 65898946218F5BF200D53E95 /* PBXContainerItemProxy */;
			sourceTree = BUILT_PRODUCTS_DIR;
		};
		65898949218F5BF200D53E95 /* Alamofire.framework */ = {
			isa = PBXReferenceProxy;
			fileType = wrapper.framework;
			path = Alamofire.framework;
			remoteRef = 65898948218F5BF200D53E95 /* PBXContainerItemProxy */;
			sourceTree = BUILT_PRODUCTS_DIR;
		};
		6589894B218F5BF200D53E95 /* Alamofire macOS Tests.xctest */ = {
			isa = PBXReferenceProxy;
			fileType = wrapper.cfbundle;
			path = "Alamofire macOS Tests.xctest";
			remoteRef = 6589894A218F5BF200D53E95 /* PBXContainerItemProxy */;
			sourceTree = BUILT_PRODUCTS_DIR;
		};
		6589894D218F5BF200D53E95 /* Alamofire.framework */ = {
			isa = PBXReferenceProxy;
			fileType = wrapper.framework;
			path = Alamofire.framework;
			remoteRef = 6589894C218F5BF200D53E95 /* PBXContainerItemProxy */;
			sourceTree = BUILT_PRODUCTS_DIR;
		};
		6589894F218F5BF200D53E95 /* Alamofire tvOS Tests.xctest */ = {
			isa = PBXReferenceProxy;
			fileType = wrapper.cfbundle;
			path = "Alamofire tvOS Tests.xctest";
			remoteRef = 6589894E218F5BF200D53E95 /* PBXContainerItemProxy */;
			sourceTree = BUILT_PRODUCTS_DIR;
		};
		65898951218F5BF200D53E95 /* Alamofire.framework */ = {
			isa = PBXReferenceProxy;
			fileType = wrapper.framework;
			path = Alamofire.framework;
			remoteRef = 65898950218F5BF200D53E95 /* PBXContainerItemProxy */;
			sourceTree = BUILT_PRODUCTS_DIR;
		};
/* End PBXReferenceProxy section */

/* Begin PBXResourcesBuildPhase section */
		59C386B7218E1435003F5919 /* Resources */ = {
			isa = PBXResourcesBuildPhase;
			buildActionMask = 2147483647;
			files = (
				59C386CA218E1439003F5919 /* LaunchScreen.storyboard in Resources */,
				59C386C7218E1439003F5919 /* Assets.xcassets in Resources */,
				59C386C2218E1435003F5919 /* Main.storyboard in Resources */,
			);
			runOnlyForDeploymentPostprocessing = 0;
		};
/* End PBXResourcesBuildPhase section */

/* Begin PBXSourcesBuildPhase section */
		59C386B5218E1435003F5919 /* Sources */ = {
			isa = PBXSourcesBuildPhase;
			buildActionMask = 2147483647;
			files = (
				65898910218F571A00D53E95 /* Response.swift in Sources */,
				65898919218F579C00D53E95 /* SearchWikiArticlesClient.swift in Sources */,
				65898916218F575000D53E95 /* ResponseData.swift in Sources */,
				59C386BF218E1435003F5919 /* ViewController.swift in Sources */,
				59C386C5218E1435003F5919 /* _7442_DM.xcdatamodeld in Sources */,
				59C386BD218E1435003F5919 /* AppDelegate.swift in Sources */,
				65898914218F574000D53E95 /* Event.swift in Sources */,
				65898912218F573100D53E95 /* Link.swift in Sources */,
			);
			runOnlyForDeploymentPostprocessing = 0;
		};
/* End PBXSourcesBuildPhase section */

/* Begin PBXTargetDependency section */
		65898955218F5C2000D53E95 /* PBXTargetDependency */ = {
			isa = PBXTargetDependency;
			name = "Alamofire iOS";
			targetProxy = 65898954218F5C2000D53E95 /* PBXContainerItemProxy */;
		};
/* End PBXTargetDependency section */

/* Begin PBXVariantGroup section */
		59C386C0218E1435003F5919 /* Main.storyboard */ = {
			isa = PBXVariantGroup;
			children = (
				59C386C1218E1435003F5919 /* Base */,
			);
			name = Main.storyboard;
			sourceTree = "<group>";
		};
		59C386C8218E1439003F5919 /* LaunchScreen.storyboard */ = {
			isa = PBXVariantGroup;
			children = (
				59C386C9218E1439003F5919 /* Base */,
			);
			name = LaunchScreen.storyboard;
			sourceTree = "<group>";
		};
/* End PBXVariantGroup section */

/* Begin XCBuildConfiguration section */
		59C386CC218E1439003F5919 /* Debug */ = {
			isa = XCBuildConfiguration;
			buildSettings = {
				ALWAYS_SEARCH_USER_PATHS = NO;
				CLANG_ANALYZER_NONNULL = YES;
				CLANG_ANALYZER_NUMBER_OBJECT_CONVERSION = YES_AGGRESSIVE;
				CLANG_CXX_LANGUAGE_STANDARD = "gnu++14";
				CLANG_CXX_LIBRARY = "libc++";
				CLANG_ENABLE_MODULES = YES;
				CLANG_ENABLE_OBJC_ARC = YES;
				CLANG_ENABLE_OBJC_WEAK = YES;
				CLANG_WARN_BLOCK_CAPTURE_AUTORELEASING = YES;
				CLANG_WARN_BOOL_CONVERSION = YES;
				CLANG_WARN_COMMA = YES;
				CLANG_WARN_CONSTANT_CONVERSION = YES;
				CLANG_WARN_DEPRECATED_OBJC_IMPLEMENTATIONS = YES;
				CLANG_WARN_DIRECT_OBJC_ISA_USAGE = YES_ERROR;
				CLANG_WARN_DOCUMENTATION_COMMENTS = YES;
				CLANG_WARN_EMPTY_BODY = YES;
				CLANG_WARN_ENUM_CONVERSION = YES;
				CLANG_WARN_INFINITE_RECURSION = YES;
				CLANG_WARN_INT_CONVERSION = YES;
				CLANG_WARN_NON_LITERAL_NULL_CONVERSION = YES;
				CLANG_WARN_OBJC_IMPLICIT_RETAIN_SELF = YES;
				CLANG_WARN_OBJC_LITERAL_CONVERSION = YES;
				CLANG_WARN_OBJC_ROOT_CLASS = YES_ERROR;
				CLANG_WARN_RANGE_LOOP_ANALYSIS = YES;
				CLANG_WARN_STRICT_PROTOTYPES = YES;
				CLANG_WARN_SUSPICIOUS_MOVE = YES;
				CLANG_WARN_UNGUARDED_AVAILABILITY = YES_AGGRESSIVE;
				CLANG_WARN_UNREACHABLE_CODE = YES;
				CLANG_WARN__DUPLICATE_METHOD_MATCH = YES;
				CODE_SIGN_IDENTITY = "iPhone Developer";
				COPY_PHASE_STRIP = NO;
				DEBUG_INFORMATION_FORMAT = dwarf;
				ENABLE_STRICT_OBJC_MSGSEND = YES;
				ENABLE_TESTABILITY = YES;
				GCC_C_LANGUAGE_STANDARD = gnu11;
				GCC_DYNAMIC_NO_PIC = NO;
				GCC_NO_COMMON_BLOCKS = YES;
				GCC_OPTIMIZATION_LEVEL = 0;
				GCC_PREPROCESSOR_DEFINITIONS = (
					"DEBUG=1",
					"$(inherited)",
				);
				GCC_WARN_64_TO_32_BIT_CONVERSION = YES;
				GCC_WARN_ABOUT_RETURN_TYPE = YES_ERROR;
				GCC_WARN_UNDECLARED_SELECTOR = YES;
				GCC_WARN_UNINITIALIZED_AUTOS = YES_AGGRESSIVE;
				GCC_WARN_UNUSED_FUNCTION = YES;
				GCC_WARN_UNUSED_VARIABLE = YES;
				IPHONEOS_DEPLOYMENT_TARGET = 12.0;
				MTL_ENABLE_DEBUG_INFO = INCLUDE_SOURCE;
				MTL_FAST_MATH = YES;
				ONLY_ACTIVE_ARCH = YES;
				SDKROOT = iphoneos;
				SWIFT_ACTIVE_COMPILATION_CONDITIONS = DEBUG;
				SWIFT_OPTIMIZATION_LEVEL = "-Onone";
			};
			name = Debug;
		};
		59C386CD218E1439003F5919 /* Release */ = {
			isa = XCBuildConfiguration;
			buildSettings = {
				ALWAYS_SEARCH_USER_PATHS = NO;
				CLANG_ANALYZER_NONNULL = YES;
				CLANG_ANALYZER_NUMBER_OBJECT_CONVERSION = YES_AGGRESSIVE;
				CLANG_CXX_LANGUAGE_STANDARD = "gnu++14";
				CLANG_CXX_LIBRARY = "libc++";
				CLANG_ENABLE_MODULES = YES;
				CLANG_ENABLE_OBJC_ARC = YES;
				CLANG_ENABLE_OBJC_WEAK = YES;
				CLANG_WARN_BLOCK_CAPTURE_AUTORELEASING = YES;
				CLANG_WARN_BOOL_CONVERSION = YES;
				CLANG_WARN_COMMA = YES;
				CLANG_WARN_CONSTANT_CONVERSION = YES;
				CLANG_WARN_DEPRECATED_OBJC_IMPLEMENTATIONS = YES;
				CLANG_WARN_DIRECT_OBJC_ISA_USAGE = YES_ERROR;
				CLANG_WARN_DOCUMENTATION_COMMENTS = YES;
				CLANG_WARN_EMPTY_BODY = YES;
				CLANG_WARN_ENUM_CONVERSION = YES;
				CLANG_WARN_INFINITE_RECURSION = YES;
				CLANG_WARN_INT_CONVERSION = YES;
				CLANG_WARN_NON_LITERAL_NULL_CONVERSION = YES;
				CLANG_WARN_OBJC_IMPLICIT_RETAIN_SELF = YES;
				CLANG_WARN_OBJC_LITERAL_CONVERSION = YES;
				CLANG_WARN_OBJC_ROOT_CLASS = YES_ERROR;
				CLANG_WARN_RANGE_LOOP_ANALYSIS = YES;
				CLANG_WARN_STRICT_PROTOTYPES = YES;
				CLANG_WARN_SUSPICIOUS_MOVE = YES;
				CLANG_WARN_UNGUARDED_AVAILABILITY = YES_AGGRESSIVE;
				CLANG_WARN_UNREACHABLE_CODE = YES;
				CLANG_WARN__DUPLICATE_METHOD_MATCH = YES;
				CODE_SIGN_IDENTITY = "iPhone Developer";
				COPY_PHASE_STRIP = NO;
				DEBUG_INFORMATION_FORMAT = "dwarf-with-dsym";
				ENABLE_NS_ASSERTIONS = NO;
				ENABLE_STRICT_OBJC_MSGSEND = YES;
				GCC_C_LANGUAGE_STANDARD = gnu11;
				GCC_NO_COMMON_BLOCKS = YES;
				GCC_WARN_64_TO_32_BIT_CONVERSION = YES;
				GCC_WARN_ABOUT_RETURN_TYPE = YES_ERROR;
				GCC_WARN_UNDECLARED_SELECTOR = YES;
				GCC_WARN_UNINITIALIZED_AUTOS = YES_AGGRESSIVE;
				GCC_WARN_UNUSED_FUNCTION = YES;
				GCC_WARN_UNUSED_VARIABLE = YES;
				IPHONEOS_DEPLOYMENT_TARGET = 12.0;
				MTL_ENABLE_DEBUG_INFO = NO;
				MTL_FAST_MATH = YES;
				SDKROOT = iphoneos;
				SWIFT_COMPILATION_MODE = wholemodule;
				SWIFT_OPTIMIZATION_LEVEL = "-O";
				VALIDATE_PRODUCT = YES;
			};
			name = Release;
		};
		59C386CF218E1439003F5919 /* Debug */ = {
			isa = XCBuildConfiguration;
			buildSettings = {
				ALWAYS_EMBED_SWIFT_STANDARD_LIBRARIES = YES;
				ASSETCATALOG_COMPILER_APPICON_NAME = AppIcon;
				CODE_SIGN_STYLE = Automatic;
				INFOPLIST_FILE = 67442_DM/Info.plist;
				IPHONEOS_DEPLOYMENT_TARGET = 11.4;
				LD_RUNPATH_SEARCH_PATHS = (
					"$(inherited)",
					"@executable_path/Frameworks",
				);
				PRODUCT_BUNDLE_IDENTIFIER = "cmu67442.-7442-DM";
				PRODUCT_NAME = "$(TARGET_NAME)";
				SWIFT_VERSION = 4.2;
				TARGETED_DEVICE_FAMILY = "1,2";
			};
			name = Debug;
		};
		59C386D0218E1439003F5919 /* Release */ = {
			isa = XCBuildConfiguration;
			buildSettings = {
				ALWAYS_EMBED_SWIFT_STANDARD_LIBRARIES = YES;
				ASSETCATALOG_COMPILER_APPICON_NAME = AppIcon;
				CODE_SIGN_STYLE = Automatic;
				INFOPLIST_FILE = 67442_DM/Info.plist;
				IPHONEOS_DEPLOYMENT_TARGET = 11.4;
				LD_RUNPATH_SEARCH_PATHS = (
					"$(inherited)",
					"@executable_path/Frameworks",
				);
				PRODUCT_BUNDLE_IDENTIFIER = "cmu67442.-7442-DM";
				PRODUCT_NAME = "$(TARGET_NAME)";
				SWIFT_VERSION = 4.2;
				TARGETED_DEVICE_FAMILY = "1,2";
			};
			name = Release;
		};
/* End XCBuildConfiguration section */

/* Begin XCConfigurationList section */
		59C386B4218E1435003F5919 /* Build configuration list for PBXProject "67442_DM" */ = {
			isa = XCConfigurationList;
			buildConfigurations = (
				59C386CC218E1439003F5919 /* Debug */,
				59C386CD218E1439003F5919 /* Release */,
			);
			defaultConfigurationIsVisible = 0;
			defaultConfigurationName = Release;
		};
		59C386CE218E1439003F5919 /* Build configuration list for PBXNativeTarget "67442_DM" */ = {
			isa = XCConfigurationList;
			buildConfigurations = (
				59C386CF218E1439003F5919 /* Debug */,
				59C386D0218E1439003F5919 /* Release */,
			);
			defaultConfigurationIsVisible = 0;
			defaultConfigurationName = Release;
		};
/* End XCConfigurationList section */

/* Begin XCVersionGroup section */
		59C386C3218E1435003F5919 /* _7442_DM.xcdatamodeld */ = {
			isa = XCVersionGroup;
			children = (
				59C386C4218E1435003F5919 /* _7442_DM.xcdatamodel */,
			);
			currentVersion = 59C386C4218E1435003F5919 /* _7442_DM.xcdatamodel */;
			path = _7442_DM.xcdatamodeld;
			sourceTree = "<group>";
			versionGroupType = wrapper.xcdatamodel;
		};
/* End XCVersionGroup section */
	};
	rootObject = 59C386B1218E1435003F5919 /* Project object */;
}
