// !$*UTF8*$!
{
	archiveVersion = 1;
	classes = {
	};
	objectVersion = 50;
	objects = {

/* Begin PBXBuildFile section */
		59C386BD218E1435003F5919 /* AppDelegate.swift in Sources */ = {isa = PBXBuildFile; fileRef = 59C386BC218E1435003F5919 /* AppDelegate.swift */; };
		59C386C2218E1435003F5919 /* Song.storyboard in Resources */ = {isa = PBXBuildFile; fileRef = 59C386C0218E1435003F5919 /* Song.storyboard */; };
		59C386C5218E1435003F5919 /* _7442_DM.xcdatamodeld in Sources */ = {isa = PBXBuildFile; fileRef = 59C386C3218E1435003F5919 /* _7442_DM.xcdatamodeld */; };
		59C386C7218E1439003F5919 /* Assets.xcassets in Resources */ = {isa = PBXBuildFile; fileRef = 59C386C6218E1439003F5919 /* Assets.xcassets */; };
		59C386CA218E1439003F5919 /* LaunchScreen.storyboard in Resources */ = {isa = PBXBuildFile; fileRef = 59C386C8218E1439003F5919 /* LaunchScreen.storyboard */; };
		59C386D9218F7C1B003F5919 /* SongsViewController.swift in Sources */ = {isa = PBXBuildFile; fileRef = 59C386D8218F7C1B003F5919 /* SongsViewController.swift */; };
		59C386DB218F7C5C003F5919 /* SongsViewModel.swift in Sources */ = {isa = PBXBuildFile; fileRef = 59C386DA218F7C5C003F5919 /* SongsViewModel.swift */; };
		59C386DD218F7C96003F5919 /* TableViewCell.swift in Sources */ = {isa = PBXBuildFile; fileRef = 59C386DC218F7C96003F5919 /* TableViewCell.swift */; };
		59C386DF218F7CA5003F5919 /* TableViewCell.xib in Resources */ = {isa = PBXBuildFile; fileRef = 59C386DE218F7CA5003F5919 /* TableViewCell.xib */; };
		59C386E1218F7CF7003F5919 /* Song.swift in Sources */ = {isa = PBXBuildFile; fileRef = 59C386E0218F7CF7003F5919 /* Song.swift */; };
		59C386E3218F7D0C003F5919 /* Result.swift in Sources */ = {isa = PBXBuildFile; fileRef = 59C386E2218F7D0C003F5919 /* Result.swift */; };
		59C386E5218F7D2B003F5919 /* SongsParser.swift in Sources */ = {isa = PBXBuildFile; fileRef = 59C386E4218F7D2B003F5919 /* SongsParser.swift */; };
		59C386E7218F7D4A003F5919 /* SearchSongsClient.swift in Sources */ = {isa = PBXBuildFile; fileRef = 59C386E6218F7D4A003F5919 /* SearchSongsClient.swift */; };
		59C386E9218F7E18003F5919 /* billboard.json in Resources */ = {isa = PBXBuildFile; fileRef = 59C386E8218F7E18003F5919 /* billboard.json */; };
		59C386EB218F8C85003F5919 /* Main.storyboard in Resources */ = {isa = PBXBuildFile; fileRef = 59C386EA218F8C85003F5919 /* Main.storyboard */; };
		59C386ED218F8D9F003F5919 /* HomeViewController.swift in Sources */ = {isa = PBXBuildFile; fileRef = 59C386EC218F8D9F003F5919 /* HomeViewController.swift */; };
		F9D539064B88CB0C279350FC /* Pods_67442_DM.framework in Frameworks */ = {isa = PBXBuildFile; fileRef = C9C96599F6C5C5833F5CB062 /* Pods_67442_DM.framework */; };
/* End PBXBuildFile section */

/* Begin PBXFileReference section */
		555100A930229B7C35F748A8 /* Pods-67442_DM.debug.xcconfig */ = {isa = PBXFileReference; includeInIndex = 1; lastKnownFileType = text.xcconfig; name = "Pods-67442_DM.debug.xcconfig"; path = "Pods/Target Support Files/Pods-67442_DM/Pods-67442_DM.debug.xcconfig"; sourceTree = "<group>"; };
		59C386B9218E1435003F5919 /* 67442_DM.app */ = {isa = PBXFileReference; explicitFileType = wrapper.application; includeInIndex = 0; path = 67442_DM.app; sourceTree = BUILT_PRODUCTS_DIR; };
		59C386BC218E1435003F5919 /* AppDelegate.swift */ = {isa = PBXFileReference; lastKnownFileType = sourcecode.swift; path = AppDelegate.swift; sourceTree = "<group>"; };
		59C386C1218E1435003F5919 /* Base */ = {isa = PBXFileReference; lastKnownFileType = file.storyboard; name = Base; path = Base.lproj/Song.storyboard; sourceTree = "<group>"; };
		59C386C4218E1435003F5919 /* _7442_DM.xcdatamodel */ = {isa = PBXFileReference; lastKnownFileType = wrapper.xcdatamodel; path = _7442_DM.xcdatamodel; sourceTree = "<group>"; };
		59C386C6218E1439003F5919 /* Assets.xcassets */ = {isa = PBXFileReference; lastKnownFileType = folder.assetcatalog; path = Assets.xcassets; sourceTree = "<group>"; };
		59C386C9218E1439003F5919 /* Base */ = {isa = PBXFileReference; lastKnownFileType = file.storyboard; name = Base; path = Base.lproj/LaunchScreen.storyboard; sourceTree = "<group>"; };
		59C386CB218E1439003F5919 /* Info.plist */ = {isa = PBXFileReference; lastKnownFileType = text.plist.xml; path = Info.plist; sourceTree = "<group>"; };
		59C386D8218F7C1B003F5919 /* SongsViewController.swift */ = {isa = PBXFileReference; lastKnownFileType = sourcecode.swift; path = SongsViewController.swift; sourceTree = "<group>"; };
		59C386DA218F7C5C003F5919 /* SongsViewModel.swift */ = {isa = PBXFileReference; lastKnownFileType = sourcecode.swift; path = SongsViewModel.swift; sourceTree = "<group>"; };
		59C386DC218F7C96003F5919 /* TableViewCell.swift */ = {isa = PBXFileReference; lastKnownFileType = sourcecode.swift; path = TableViewCell.swift; sourceTree = "<group>"; };
		59C386DE218F7CA5003F5919 /* TableViewCell.xib */ = {isa = PBXFileReference; lastKnownFileType = file.xib; path = TableViewCell.xib; sourceTree = "<group>"; };
		59C386E0218F7CF7003F5919 /* Song.swift */ = {isa = PBXFileReference; lastKnownFileType = sourcecode.swift; path = Song.swift; sourceTree = "<group>"; };
		59C386E2218F7D0C003F5919 /* Result.swift */ = {isa = PBXFileReference; lastKnownFileType = sourcecode.swift; path = Result.swift; sourceTree = "<group>"; };
		59C386E4218F7D2B003F5919 /* SongsParser.swift */ = {isa = PBXFileReference; lastKnownFileType = sourcecode.swift; path = SongsParser.swift; sourceTree = "<group>"; };
		59C386E6218F7D4A003F5919 /* SearchSongsClient.swift */ = {isa = PBXFileReference; lastKnownFileType = sourcecode.swift; path = SearchSongsClient.swift; sourceTree = "<group>"; };
		59C386E8218F7E18003F5919 /* billboard.json */ = {isa = PBXFileReference; fileEncoding = 4; lastKnownFileType = text.json; path = billboard.json; sourceTree = "<group>"; };
		59C386EA218F8C85003F5919 /* Main.storyboard */ = {isa = PBXFileReference; lastKnownFileType = file.storyboard; path = Main.storyboard; sourceTree = "<group>"; };
		59C386EC218F8D9F003F5919 /* HomeViewController.swift */ = {isa = PBXFileReference; lastKnownFileType = sourcecode.swift; path = HomeViewController.swift; sourceTree = "<group>"; };
		AB988AC5306188F9F7B94597 /* Pods-67442_DM.release.xcconfig */ = {isa = PBXFileReference; includeInIndex = 1; lastKnownFileType = text.xcconfig; name = "Pods-67442_DM.release.xcconfig"; path = "Pods/Target Support Files/Pods-67442_DM/Pods-67442_DM.release.xcconfig"; sourceTree = "<group>"; };
		C9C96599F6C5C5833F5CB062 /* Pods_67442_DM.framework */ = {isa = PBXFileReference; explicitFileType = wrapper.framework; includeInIndex = 0; path = Pods_67442_DM.framework; sourceTree = BUILT_PRODUCTS_DIR; };
/* End PBXFileReference section */

/* Begin PBXFrameworksBuildPhase section */
		59C386B6218E1435003F5919 /* Frameworks */ = {
			isa = PBXFrameworksBuildPhase;
			buildActionMask = 2147483647;
			files = (
				F9D539064B88CB0C279350FC /* Pods_67442_DM.framework in Frameworks */,
			);
			runOnlyForDeploymentPostprocessing = 0;
		};
/* End PBXFrameworksBuildPhase section */

/* Begin PBXGroup section */
		3E9D0200930CD4A1BFCF2697 /* Frameworks */ = {
			isa = PBXGroup;
			children = (
				C9C96599F6C5C5833F5CB062 /* Pods_67442_DM.framework */,
			);
			name = Frameworks;
			sourceTree = "<group>";
		};
		59C386B0218E1435003F5919 = {
			isa = PBXGroup;
			children = (
				59C386BB218E1435003F5919 /* 67442_DM */,
				59C386BA218E1435003F5919 /* Products */,
				9CBC5219CA9BE901E0C9F15B /* Pods */,
				3E9D0200930CD4A1BFCF2697 /* Frameworks */,
			);
			sourceTree = "<group>";
		};
		59C386BA218E1435003F5919 /* Products */ = {
			isa = PBXGroup;
			children = (
				59C386B9218E1435003F5919 /* 67442_DM.app */,
			);
			name = Products;
			sourceTree = "<group>";
		};
		59C386BB218E1435003F5919 /* 67442_DM */ = {
			isa = PBXGroup;
			children = (
				59C386D2218E1CA2003F5919 /* Articles */,
				59C386D1218E1C8F003F5919 /* Songs */,
				59C386BC218E1435003F5919 /* AppDelegate.swift */,
				59C386C6218E1439003F5919 /* Assets.xcassets */,
				59C386C8218E1439003F5919 /* LaunchScreen.storyboard */,
				59C386CB218E1439003F5919 /* Info.plist */,
				59C386C3218E1435003F5919 /* _7442_DM.xcdatamodeld */,
				59C386EA218F8C85003F5919 /* Main.storyboard */,
				59C386EC218F8D9F003F5919 /* HomeViewController.swift */,
			);
			path = 67442_DM;
			sourceTree = "<group>";
		};
		59C386D1218E1C8F003F5919 /* Songs */ = {
			isa = PBXGroup;
			children = (
				59C386C0218E1435003F5919 /* Song.storyboard */,
				59C386D4218E1CB5003F5919 /* Controllers */,
				59C386D3218E1CAE003F5919 /* Models */,
				59C386D6218E1CD9003F5919 /* Parser */,
				59C386D5218E1CBE003F5919 /* Network */,
				59C386D7218F7BE5003F5919 /* Data */,
			);
			path = Songs;
			sourceTree = "<group>";
		};
		59C386D2218E1CA2003F5919 /* Articles */ = {
			isa = PBXGroup;
			children = (
			);
			path = Articles;
			sourceTree = "<group>";
		};
		59C386D3218E1CAE003F5919 /* Models */ = {
			isa = PBXGroup;
			children = (
				59C386E0218F7CF7003F5919 /* Song.swift */,
				59C386E2218F7D0C003F5919 /* Result.swift */,
			);
			path = Models;
			sourceTree = "<group>";
		};
		59C386D4218E1CB5003F5919 /* Controllers */ = {
			isa = PBXGroup;
			children = (
				59C386D8218F7C1B003F5919 /* SongsViewController.swift */,
				59C386DA218F7C5C003F5919 /* SongsViewModel.swift */,
				59C386DC218F7C96003F5919 /* TableViewCell.swift */,
				59C386DE218F7CA5003F5919 /* TableViewCell.xib */,
			);
			path = Controllers;
			sourceTree = "<group>";
		};
		59C386D5218E1CBE003F5919 /* Network */ = {
			isa = PBXGroup;
			children = (
				59C386E6218F7D4A003F5919 /* SearchSongsClient.swift */,
			);
			path = Network;
			sourceTree = "<group>";
		};
		59C386D6218E1CD9003F5919 /* Parser */ = {
			isa = PBXGroup;
			children = (
				59C386E4218F7D2B003F5919 /* SongsParser.swift */,
			);
			path = Parser;
			sourceTree = "<group>";
		};
		59C386D7218F7BE5003F5919 /* Data */ = {
			isa = PBXGroup;
			children = (
				59C386E8218F7E18003F5919 /* billboard.json */,
			);
			path = Data;
			sourceTree = "<group>";
		};
		9CBC5219CA9BE901E0C9F15B /* Pods */ = {
			isa = PBXGroup;
			children = (
				555100A930229B7C35F748A8 /* Pods-67442_DM.debug.xcconfig */,
				AB988AC5306188F9F7B94597 /* Pods-67442_DM.release.xcconfig */,
			);
			name = Pods;
			sourceTree = "<group>";
		};
/* End PBXGroup section */

/* Begin PBXNativeTarget section */
		59C386B8218E1435003F5919 /* 67442_DM */ = {
			isa = PBXNativeTarget;
			buildConfigurationList = 59C386CE218E1439003F5919 /* Build configuration list for PBXNativeTarget "67442_DM" */;
			buildPhases = (
				EA0D486D5DC9BBF93B3CC457 /* [CP] Check Pods Manifest.lock */,
				59C386B5218E1435003F5919 /* Sources */,
				59C386B6218E1435003F5919 /* Frameworks */,
				59C386B7218E1435003F5919 /* Resources */,
				F3E9C8FA649868408BB42306 /* [CP] Embed Pods Frameworks */,
			);
			buildRules = (
			);
			dependencies = (
			);
			name = 67442_DM;
			productName = 67442_DM;
			productReference = 59C386B9218E1435003F5919 /* 67442_DM.app */;
			productType = "com.apple.product-type.application";
		};
/* End PBXNativeTarget section */

/* Begin PBXProject section */
		59C386B1218E1435003F5919 /* Project object */ = {
			isa = PBXProject;
			attributes = {
				LastSwiftUpdateCheck = 1000;
				LastUpgradeCheck = 1000;
				ORGANIZATIONNAME = "Dylan Hyun";
				TargetAttributes = {
					59C386B8218E1435003F5919 = {
						CreatedOnToolsVersion = 10.0;
					};
				};
			};
			buildConfigurationList = 59C386B4218E1435003F5919 /* Build configuration list for PBXProject "67442_DM" */;
			compatibilityVersion = "Xcode 9.3";
			developmentRegion = en;
			hasScannedForEncodings = 0;
			knownRegions = (
				en,
				Base,
			);
			mainGroup = 59C386B0218E1435003F5919;
			productRefGroup = 59C386BA218E1435003F5919 /* Products */;
			projectDirPath = "";
			projectRoot = "";
			targets = (
				59C386B8218E1435003F5919 /* 67442_DM */,
			);
		};
/* End PBXProject section */

/* Begin PBXResourcesBuildPhase section */
		59C386B7218E1435003F5919 /* Resources */ = {
			isa = PBXResourcesBuildPhase;
			buildActionMask = 2147483647;
			files = (
				59C386CA218E1439003F5919 /* LaunchScreen.storyboard in Resources */,
				59C386DF218F7CA5003F5919 /* TableViewCell.xib in Resources */,
				59C386E9218F7E18003F5919 /* billboard.json in Resources */,
				59C386EB218F8C85003F5919 /* Main.storyboard in Resources */,
				59C386C7218E1439003F5919 /* Assets.xcassets in Resources */,
				59C386C2218E1435003F5919 /* Song.storyboard in Resources */,
			);
			runOnlyForDeploymentPostprocessing = 0;
		};
/* End PBXResourcesBuildPhase section */

/* Begin PBXShellScriptBuildPhase section */
		EA0D486D5DC9BBF93B3CC457 /* [CP] Check Pods Manifest.lock */ = {
			isa = PBXShellScriptBuildPhase;
			buildActionMask = 2147483647;
			files = (
			);
			inputFileListPaths = (
			);
			inputPaths = (
				"${PODS_PODFILE_DIR_PATH}/Podfile.lock",
				"${PODS_ROOT}/Manifest.lock",
			);
			name = "[CP] Check Pods Manifest.lock";
			outputFileListPaths = (
			);
			outputPaths = (
				"$(DERIVED_FILE_DIR)/Pods-67442_DM-checkManifestLockResult.txt",
			);
			runOnlyForDeploymentPostprocessing = 0;
			shellPath = /bin/sh;
			shellScript = "diff \"${PODS_PODFILE_DIR_PATH}/Podfile.lock\" \"${PODS_ROOT}/Manifest.lock\" > /dev/null\nif [ $? != 0 ] ; then\n    # print error to STDERR\n    echo \"error: The sandbox is not in sync with the Podfile.lock. Run 'pod install' or update your CocoaPods installation.\" >&2\n    exit 1\nfi\n# This output is used by Xcode 'outputs' to avoid re-running this script phase.\necho \"SUCCESS\" > \"${SCRIPT_OUTPUT_FILE_0}\"\n";
			showEnvVarsInLog = 0;
		};
		F3E9C8FA649868408BB42306 /* [CP] Embed Pods Frameworks */ = {
			isa = PBXShellScriptBuildPhase;
			buildActionMask = 2147483647;
			files = (
			);
			inputFileListPaths = (
			);
			inputPaths = (
				"${SRCROOT}/Pods/Target Support Files/Pods-67442_DM/Pods-67442_DM-frameworks.sh",
				"${BUILT_PRODUCTS_DIR}/Alamofire/Alamofire.framework",
			);
			name = "[CP] Embed Pods Frameworks";
			outputFileListPaths = (
			);
			outputPaths = (
				"${TARGET_BUILD_DIR}/${FRAMEWORKS_FOLDER_PATH}/Alamofire.framework",
			);
			runOnlyForDeploymentPostprocessing = 0;
			shellPath = /bin/sh;
			shellScript = "\"${SRCROOT}/Pods/Target Support Files/Pods-67442_DM/Pods-67442_DM-frameworks.sh\"\n";
			showEnvVarsInLog = 0;
		};
/* End PBXShellScriptBuildPhase section */

/* Begin PBXSourcesBuildPhase section */
		59C386B5218E1435003F5919 /* Sources */ = {
			isa = PBXSourcesBuildPhase;
			buildActionMask = 2147483647;
			files = (
				59C386E1218F7CF7003F5919 /* Song.swift in Sources */,
				59C386DB218F7C5C003F5919 /* SongsViewModel.swift in Sources */,
				59C386C5218E1435003F5919 /* _7442_DM.xcdatamodeld in Sources */,
				59C386DD218F7C96003F5919 /* TableViewCell.swift in Sources */,
				59C386E7218F7D4A003F5919 /* SearchSongsClient.swift in Sources */,
				59C386ED218F8D9F003F5919 /* HomeViewController.swift in Sources */,
				59C386D9218F7C1B003F5919 /* SongsViewController.swift in Sources */,
				59C386E3218F7D0C003F5919 /* Result.swift in Sources */,
				59C386E5218F7D2B003F5919 /* SongsParser.swift in Sources */,
				59C386BD218E1435003F5919 /* AppDelegate.swift in Sources */,
			);
			runOnlyForDeploymentPostprocessing = 0;
		};
/* End PBXSourcesBuildPhase section */

/* Begin PBXVariantGroup section */
		59C386C0218E1435003F5919 /* Song.storyboard */ = {
			isa = PBXVariantGroup;
			children = (
				59C386C1218E1435003F5919 /* Base */,
			);
			name = Song.storyboard;
			sourceTree = "<group>";
		};
		59C386C8218E1439003F5919 /* LaunchScreen.storyboard */ = {
			isa = PBXVariantGroup;
			children = (
				59C386C9218E1439003F5919 /* Base */,
			);
			name = LaunchScreen.storyboard;
			sourceTree = "<group>";
		};
/* End PBXVariantGroup section */

/* Begin XCBuildConfiguration section */
		59C386CC218E1439003F5919 /* Debug */ = {
			isa = XCBuildConfiguration;
			buildSettings = {
				ALWAYS_SEARCH_USER_PATHS = NO;
				CLANG_ANALYZER_NONNULL = YES;
				CLANG_ANALYZER_NUMBER_OBJECT_CONVERSION = YES_AGGRESSIVE;
				CLANG_CXX_LANGUAGE_STANDARD = "gnu++14";
				CLANG_CXX_LIBRARY = "libc++";
				CLANG_ENABLE_MODULES = YES;
				CLANG_ENABLE_OBJC_ARC = YES;
				CLANG_ENABLE_OBJC_WEAK = YES;
				CLANG_WARN_BLOCK_CAPTURE_AUTORELEASING = YES;
				CLANG_WARN_BOOL_CONVERSION = YES;
				CLANG_WARN_COMMA = YES;
				CLANG_WARN_CONSTANT_CONVERSION = YES;
				CLANG_WARN_DEPRECATED_OBJC_IMPLEMENTATIONS = YES;
				CLANG_WARN_DIRECT_OBJC_ISA_USAGE = YES_ERROR;
				CLANG_WARN_DOCUMENTATION_COMMENTS = YES;
				CLANG_WARN_EMPTY_BODY = YES;
				CLANG_WARN_ENUM_CONVERSION = YES;
				CLANG_WARN_INFINITE_RECURSION = YES;
				CLANG_WARN_INT_CONVERSION = YES;
				CLANG_WARN_NON_LITERAL_NULL_CONVERSION = YES;
				CLANG_WARN_OBJC_IMPLICIT_RETAIN_SELF = YES;
				CLANG_WARN_OBJC_LITERAL_CONVERSION = YES;
				CLANG_WARN_OBJC_ROOT_CLASS = YES_ERROR;
				CLANG_WARN_RANGE_LOOP_ANALYSIS = YES;
				CLANG_WARN_STRICT_PROTOTYPES = YES;
				CLANG_WARN_SUSPICIOUS_MOVE = YES;
				CLANG_WARN_UNGUARDED_AVAILABILITY = YES_AGGRESSIVE;
				CLANG_WARN_UNREACHABLE_CODE = YES;
				CLANG_WARN__DUPLICATE_METHOD_MATCH = YES;
				CODE_SIGN_IDENTITY = "iPhone Developer";
				COPY_PHASE_STRIP = NO;
				DEBUG_INFORMATION_FORMAT = dwarf;
				ENABLE_STRICT_OBJC_MSGSEND = YES;
				ENABLE_TESTABILITY = YES;
				GCC_C_LANGUAGE_STANDARD = gnu11;
				GCC_DYNAMIC_NO_PIC = NO;
				GCC_NO_COMMON_BLOCKS = YES;
				GCC_OPTIMIZATION_LEVEL = 0;
				GCC_PREPROCESSOR_DEFINITIONS = (
					"DEBUG=1",
					"$(inherited)",
				);
				GCC_WARN_64_TO_32_BIT_CONVERSION = YES;
				GCC_WARN_ABOUT_RETURN_TYPE = YES_ERROR;
				GCC_WARN_UNDECLARED_SELECTOR = YES;
				GCC_WARN_UNINITIALIZED_AUTOS = YES_AGGRESSIVE;
				GCC_WARN_UNUSED_FUNCTION = YES;
				GCC_WARN_UNUSED_VARIABLE = YES;
				IPHONEOS_DEPLOYMENT_TARGET = 12.0;
				MTL_ENABLE_DEBUG_INFO = INCLUDE_SOURCE;
				MTL_FAST_MATH = YES;
				ONLY_ACTIVE_ARCH = YES;
				SDKROOT = iphoneos;
				SWIFT_ACTIVE_COMPILATION_CONDITIONS = DEBUG;
				SWIFT_OPTIMIZATION_LEVEL = "-Onone";
			};
			name = Debug;
		};
		59C386CD218E1439003F5919 /* Release */ = {
			isa = XCBuildConfiguration;
			buildSettings = {
				ALWAYS_SEARCH_USER_PATHS = NO;
				CLANG_ANALYZER_NONNULL = YES;
				CLANG_ANALYZER_NUMBER_OBJECT_CONVERSION = YES_AGGRESSIVE;
				CLANG_CXX_LANGUAGE_STANDARD = "gnu++14";
				CLANG_CXX_LIBRARY = "libc++";
				CLANG_ENABLE_MODULES = YES;
				CLANG_ENABLE_OBJC_ARC = YES;
				CLANG_ENABLE_OBJC_WEAK = YES;
				CLANG_WARN_BLOCK_CAPTURE_AUTORELEASING = YES;
				CLANG_WARN_BOOL_CONVERSION = YES;
				CLANG_WARN_COMMA = YES;
				CLANG_WARN_CONSTANT_CONVERSION = YES;
				CLANG_WARN_DEPRECATED_OBJC_IMPLEMENTATIONS = YES;
				CLANG_WARN_DIRECT_OBJC_ISA_USAGE = YES_ERROR;
				CLANG_WARN_DOCUMENTATION_COMMENTS = YES;
				CLANG_WARN_EMPTY_BODY = YES;
				CLANG_WARN_ENUM_CONVERSION = YES;
				CLANG_WARN_INFINITE_RECURSION = YES;
				CLANG_WARN_INT_CONVERSION = YES;
				CLANG_WARN_NON_LITERAL_NULL_CONVERSION = YES;
				CLANG_WARN_OBJC_IMPLICIT_RETAIN_SELF = YES;
				CLANG_WARN_OBJC_LITERAL_CONVERSION = YES;
				CLANG_WARN_OBJC_ROOT_CLASS = YES_ERROR;
				CLANG_WARN_RANGE_LOOP_ANALYSIS = YES;
				CLANG_WARN_STRICT_PROTOTYPES = YES;
				CLANG_WARN_SUSPICIOUS_MOVE = YES;
				CLANG_WARN_UNGUARDED_AVAILABILITY = YES_AGGRESSIVE;
				CLANG_WARN_UNREACHABLE_CODE = YES;
				CLANG_WARN__DUPLICATE_METHOD_MATCH = YES;
				CODE_SIGN_IDENTITY = "iPhone Developer";
				COPY_PHASE_STRIP = NO;
				DEBUG_INFORMATION_FORMAT = "dwarf-with-dsym";
				ENABLE_NS_ASSERTIONS = NO;
				ENABLE_STRICT_OBJC_MSGSEND = YES;
				GCC_C_LANGUAGE_STANDARD = gnu11;
				GCC_NO_COMMON_BLOCKS = YES;
				GCC_WARN_64_TO_32_BIT_CONVERSION = YES;
				GCC_WARN_ABOUT_RETURN_TYPE = YES_ERROR;
				GCC_WARN_UNDECLARED_SELECTOR = YES;
				GCC_WARN_UNINITIALIZED_AUTOS = YES_AGGRESSIVE;
				GCC_WARN_UNUSED_FUNCTION = YES;
				GCC_WARN_UNUSED_VARIABLE = YES;
				IPHONEOS_DEPLOYMENT_TARGET = 12.0;
				MTL_ENABLE_DEBUG_INFO = NO;
				MTL_FAST_MATH = YES;
				SDKROOT = iphoneos;
				SWIFT_COMPILATION_MODE = wholemodule;
				SWIFT_OPTIMIZATION_LEVEL = "-O";
				VALIDATE_PRODUCT = YES;
			};
			name = Release;
		};
		59C386CF218E1439003F5919 /* Debug */ = {
			isa = XCBuildConfiguration;
			baseConfigurationReference = 555100A930229B7C35F748A8 /* Pods-67442_DM.debug.xcconfig */;
			buildSettings = {
				ASSETCATALOG_COMPILER_APPICON_NAME = AppIcon;
				CODE_SIGN_STYLE = Automatic;
				INFOPLIST_FILE = 67442_DM/Info.plist;
				LD_RUNPATH_SEARCH_PATHS = (
					"$(inherited)",
					"@executable_path/Frameworks",
				);
				PRODUCT_BUNDLE_IDENTIFIER = "cmu67442.-7442-DM";
				PRODUCT_NAME = "$(TARGET_NAME)";
				SWIFT_VERSION = 4.2;
				TARGETED_DEVICE_FAMILY = "1,2";
			};
			name = Debug;
		};
		59C386D0218E1439003F5919 /* Release */ = {
			isa = XCBuildConfiguration;
			baseConfigurationReference = AB988AC5306188F9F7B94597 /* Pods-67442_DM.release.xcconfig */;
			buildSettings = {
				ASSETCATALOG_COMPILER_APPICON_NAME = AppIcon;
				CODE_SIGN_STYLE = Automatic;
				INFOPLIST_FILE = 67442_DM/Info.plist;
				LD_RUNPATH_SEARCH_PATHS = (
					"$(inherited)",
					"@executable_path/Frameworks",
				);
				PRODUCT_BUNDLE_IDENTIFIER = "cmu67442.-7442-DM";
				PRODUCT_NAME = "$(TARGET_NAME)";
				SWIFT_VERSION = 4.2;
				TARGETED_DEVICE_FAMILY = "1,2";
			};
			name = Release;
		};
/* End XCBuildConfiguration section */

/* Begin XCConfigurationList section */
		59C386B4218E1435003F5919 /* Build configuration list for PBXProject "67442_DM" */ = {
			isa = XCConfigurationList;
			buildConfigurations = (
				59C386CC218E1439003F5919 /* Debug */,
				59C386CD218E1439003F5919 /* Release */,
			);
			defaultConfigurationIsVisible = 0;
			defaultConfigurationName = Release;
		};
		59C386CE218E1439003F5919 /* Build configuration list for PBXNativeTarget "67442_DM" */ = {
			isa = XCConfigurationList;
			buildConfigurations = (
				59C386CF218E1439003F5919 /* Debug */,
				59C386D0218E1439003F5919 /* Release */,
			);
			defaultConfigurationIsVisible = 0;
			defaultConfigurationName = Release;
		};
/* End XCConfigurationList section */

/* Begin XCVersionGroup section */
		59C386C3218E1435003F5919 /* _7442_DM.xcdatamodeld */ = {
			isa = XCVersionGroup;
			children = (
				59C386C4218E1435003F5919 /* _7442_DM.xcdatamodel */,
			);
			currentVersion = 59C386C4218E1435003F5919 /* _7442_DM.xcdatamodel */;
			path = _7442_DM.xcdatamodeld;
			sourceTree = "<group>";
			versionGroupType = wrapper.xcdatamodel;
		};
/* End XCVersionGroup section */
	};
	rootObject = 59C386B1218E1435003F5919 /* Project object */;
}
